
Microsoft Visual Studio Solution File, Format Version 12.00
# Visual Studio Version 16
VisualStudioVersion = 16.0.28729.10
MinimumVisualStudioVersion = 10.0.40219.1
Project("{FAE04EC0-301F-11D3-BF4B-00C04F79EFBC}") = "WiredBrainCoffee.CupOrderAdmin.UI", "WiredBrainCoffee.CupOrderAdmin.UI\WiredBrainCoffee.CupOrderAdmin.UI.csproj", "{EE9968B8-61C9-4E5C-A262-29E39EEC2AAD}"
EndProject
Project("{9A19103F-16F7-4668-BE54-9A1E7A4F7556}") = "WiredBrainCoffee.CupOrderAdmin.Core", "WiredBrainCoffee.CupOrderAdmin.Core\WiredBrainCoffee.CupOrderAdmin.Core.csproj", "{5A570F5F-8E7E-417B-9AD2-14627411597C}"
EndProject
Project("{9A19103F-16F7-4668-BE54-9A1E7A4F7556}") = "WiredBrainCoffee.CupOrderAdmin.DataAccess", "WiredBrainCoffee.CupOrderAdmin.DataAccess\WiredBrainCoffee.CupOrderAdmin.DataAccess.csproj", "{F561311C-8C00-429A-979A-AE9488D0585C}"
EndProject
Global
	GlobalSection(SolutionConfigurationPlatforms) = preSolution
		Debug|Any CPU = Debug|Any CPU
		Release|Any CPU = Release|Any CPU
	EndGlobalSection
	GlobalSection(ProjectConfigurationPlatforms) = postSolution
		{EE9968B8-61C9-4E5C-A262-29E39EEC2AAD}.Debug|Any CPU.ActiveCfg = Debug|Any CPU
		{EE9968B8-61C9-4E5C-A262-29E39EEC2AAD}.Debug|Any CPU.Build.0 = Debug|Any CPU
		{EE9968B8-61C9-4E5C-A262-29E39EEC2AAD}.Release|Any CPU.ActiveCfg = Release|Any CPU
		{EE9968B8-61C9-4E5C-A262-29E39EEC2AAD}.Release|Any CPU.Build.0 = Release|Any CPU
		{5A570F5F-8E7E-417B-9AD2-14627411597C}.Debug|Any CPU.ActiveCfg = Debug|Any CPU
		{5A570F5F-8E7E-417B-9AD2-14627411597C}.Debug|Any CPU.Build.0 = Debug|Any CPU
		{5A570F5F-8E7E-417B-9AD2-14627411597C}.Release|Any CPU.ActiveCfg = Release|Any CPU
		{5A570F5F-8E7E-417B-9AD2-14627411597C}.Release|Any CPU.Build.0 = Release|Any CPU
		{F561311C-8C00-429A-979A-AE9488D0585C}.Debug|Any CPU.ActiveCfg = Debug|Any CPU
		{F561311C-8C00-429A-979A-AE9488D0585C}.Debug|Any CPU.Build.0 = Debug|Any CPU
		{F561311C-8C00-429A-979A-AE9488D0585C}.Release|Any CPU.ActiveCfg = Release|Any CPU
		{F561311C-8C00-429A-979A-AE9488D0585C}.Release|Any CPU.Build.0 = Release|Any CPU
	EndGlobalSection
	GlobalSection(SolutionProperties) = preSolution
		HideSolutionNode = FALSE
	EndGlobalSection
	GlobalSection(ExtensibilityGlobals) = postSolution
		SolutionGuid = {3F5EA677-63B4-4034-9427-D542C8F2E0C5}
	EndGlobalSection
EndGlobal
